Microsoft Visual Studio Solution File, Format Version 12.00
# Visual Studio Version 17
VisualStudioVersion = 17.5.2.0
MinimumVisualStudioVersion = 10.0.40219.1
Project("{FAE04EC0-301F-11D3-BF4B-00C04F79EFBC}") = "OpenRAG.Api", "OpenRAG.Api\OpenRAG.Api.csproj", "{642A1F51-0526-7A1A-C777-77F4D4C26D62}"
EndProject
Global
	GlobalSection(SolutionConfigurationPlatforms) = preSolution
		Debug|Any CPU = Debug|Any CPU
		Release|Any CPU = Release|Any CPU
	EndGlobalSection
	GlobalSection(ProjectConfigurationPlatforms) = postSolution
		{642A1F51-0526-7A1A-C777-77F4D4C26D62}.Debug|Any CPU.ActiveCfg = Debug|Any CPU
		{642A1F51-0526-7A1A-C777-77F4D4C26D62}.Debug|Any CPU.Build.0 = Debug|Any CPU
		{642A1F51-0526-7A1A-C777-77F4D4C26D62}.Release|Any CPU.ActiveCfg = Release|Any CPU
		{642A1F51-0526-7A1A-C777-77F4D4C26D62}.Release|Any CPU.Build.0 = Release|Any CPU
	EndGlobalSection
	GlobalSection(SolutionProperties) = preSolution
		HideSolutionNode = FALSE
	EndGlobalSection
	GlobalSection(ExtensibilityGlobals) = postSolution
		SolutionGuid = {589F2C85-36E9-4969-8960-59520D6D5FFF}
	EndGlobalSection
EndGlobal
